// !$*UTF8*$!
{
	archiveVersion = 1;
	classes = {
	};
	objectVersion = 56;
	objects = {

/* Begin PBXBuildFile section */
		8D11996629A6528500931CD9 /* LocationDataManager.swift in Sources */ = {isa = PBXBuildFile; fileRef = 8D11996529A6528500931CD9 /* LocationDataManager.swift */; };
		8D11996929A665A800931CD9 /* MainView.swift in Sources */ = {isa = PBXBuildFile; fileRef = 8D11996829A665A800931CD9 /* MainView.swift */; };
		8D11996E29A67D0A00931CD9 /* RequestLocationView.swift in Sources */ = {isa = PBXBuildFile; fileRef = 8D11996D29A67D0A00931CD9 /* RequestLocationView.swift */; };
		8D11997029A67ECA00931CD9 /* ErrorView.swift in Sources */ = {isa = PBXBuildFile; fileRef = 8D11996F29A67ECA00931CD9 /* ErrorView.swift */; };
		8D11997E29A7879400931CD9 /* WeatherAppUnitTests.swift in Sources */ = {isa = PBXBuildFile; fileRef = 8D11997D29A7879400931CD9 /* WeatherAppUnitTests.swift */; };
		8D11998729A7F7AE00931CD9 /* LocationsView.swift in Sources */ = {isa = PBXBuildFile; fileRef = 8D11998629A7F7AE00931CD9 /* LocationsView.swift */; };
		8D11998929A7F7D400931CD9 /* SettingsView.swift in Sources */ = {isa = PBXBuildFile; fileRef = 8D11998829A7F7D400931CD9 /* SettingsView.swift */; };
		8D11998C29A809AC00931CD9 /* LocationsRowView.swift in Sources */ = {isa = PBXBuildFile; fileRef = 8D11998B29A809AC00931CD9 /* LocationsRowView.swift */; };
		8D11999329A828E300931CD9 /* SearchLocation.swift in Sources */ = {isa = PBXBuildFile; fileRef = 8D11999229A828E300931CD9 /* SearchLocation.swift */; };
		8D11999629A82F7B00931CD9 /* LocationsViewModel.swift in Sources */ = {isa = PBXBuildFile; fileRef = 8D11999529A82F7B00931CD9 /* LocationsViewModel.swift */; };
		8D11999A29A9034000931CD9 /* LocationWeatherView.swift in Sources */ = {isa = PBXBuildFile; fileRef = 8D11999929A9034000931CD9 /* LocationWeatherView.swift */; };
		8D11999C29A904ED00931CD9 /* WeatherInfo.swift in Sources */ = {isa = PBXBuildFile; fileRef = 8D11999B29A904ED00931CD9 /* WeatherInfo.swift */; };
		8D47170229A4210100079790 /* WeatherAppApp.swift in Sources */ = {isa = PBXBuildFile; fileRef = 8D47170129A4210100079790 /* WeatherAppApp.swift */; };
		8D47170429A4210100079790 /* HomeView.swift in Sources */ = {isa = PBXBuildFile; fileRef = 8D47170329A4210100079790 /* HomeView.swift */; };
		8D47170629A4210300079790 /* Assets.xcassets in Resources */ = {isa = PBXBuildFile; fileRef = 8D47170529A4210300079790 /* Assets.xcassets */; };
		8D47170929A4210300079790 /* Preview Assets.xcassets in Resources */ = {isa = PBXBuildFile; fileRef = 8D47170829A4210300079790 /* Preview Assets.xcassets */; };
		8D47171229A425C100079790 /* WeatherDataService.swift in Sources */ = {isa = PBXBuildFile; fileRef = 8D47171129A425C100079790 /* WeatherDataService.swift */; };
		8D47171429A42D4400079790 /* CurrentWeather.swift in Sources */ = {isa = PBXBuildFile; fileRef = 8D47171329A42D4400079790 /* CurrentWeather.swift */; };
		8D47171829A50E6B00079790 /* HomeViewModel.swift in Sources */ = {isa = PBXBuildFile; fileRef = 8D47171729A50E6B00079790 /* HomeViewModel.swift */; };
		8D47171E29A51D5E00079790 /* Location.swift in Sources */ = {isa = PBXBuildFile; fileRef = 8D47171D29A51D5E00079790 /* Location.swift */; };
		8D47172029A51F1000079790 /* HourlyForecast.swift in Sources */ = {isa = PBXBuildFile; fileRef = 8D47171F29A51F1000079790 /* HourlyForecast.swift */; };
		8D47172429A557DC00079790 /* Double+.swift in Sources */ = {isa = PBXBuildFile; fileRef = 8D47172329A557DC00079790 /* Double+.swift */; };
		8D47172629A5598200079790 /* Color+.swift in Sources */ = {isa = PBXBuildFile; fileRef = 8D47172529A5598200079790 /* Color+.swift */; };
		8D47172829A55BDA00079790 /* HourlyForecastColumn.swift in Sources */ = {isa = PBXBuildFile; fileRef = 8D47172729A55BDA00079790 /* HourlyForecastColumn.swift */; };
		8D47172A29A561FB00079790 /* Date+.swift in Sources */ = {isa = PBXBuildFile; fileRef = 8D47172929A561FB00079790 /* Date+.swift */; };
		8D47172C29A59F3E00079790 /* WeatherIcon.swift in Sources */ = {isa = PBXBuildFile; fileRef = 8D47172B29A59F3E00079790 /* WeatherIcon.swift */; };
		8D47173029A5A4F800079790 /* HourlyForecastRow.swift in Sources */ = {isa = PBXBuildFile; fileRef = 8D47172F29A5A4F800079790 /* HourlyForecastRow.swift */; };
		8DCD1DDA29AD76D900962ED5 /* SavedLocationsRow.swift in Sources */ = {isa = PBXBuildFile; fileRef = 8DCD1DD929AD76D900962ED5 /* SavedLocationsRow.swift */; };
		8DCD1DDC29AE19B900962ED5 /* SavedLocationDetail.swift in Sources */ = {isa = PBXBuildFile; fileRef = 8DCD1DDB29AE19B900962ED5 /* SavedLocationDetail.swift */; };
		8DCD1DDE29AE1AF100962ED5 /* CoreDataManager.swift in Sources */ = {isa = PBXBuildFile; fileRef = 8DCD1DDD29AE1AF100962ED5 /* CoreDataManager.swift */; };
		8DCD1DE429AE2F6700962ED5 /* Locations.xcdatamodeld in Sources */ = {isa = PBXBuildFile; fileRef = 8DCD1DE229AE2F6700962ED5 /* Locations.xcdatamodeld */; };
/* End PBXBuildFile section */

/* Begin PBXContainerItemProxy section */
		8D11997F29A7879400931CD9 /* PBXContainerItemProxy */ = {
			isa = PBXContainerItemProxy;
			containerPortal = 8D4716F629A4210100079790 /* Project object */;
			proxyType = 1;
			remoteGlobalIDString = 8D4716FD29A4210100079790;
			remoteInfo = WeatherApp;
		};
/* End PBXContainerItemProxy section */

/* Begin PBXFileReference section */
		8D11996529A6528500931CD9 /* LocationDataManager.swift */ = {isa = PBXFileReference; lastKnownFileType = sourcecode.swift; path = LocationDataManager.swift; sourceTree = "<group>"; };
		8D11996729A654D500931CD9 /* Info.plist */ = {isa = PBXFileReference; lastKnownFileType = text.plist; path = Info.plist; sourceTree = "<group>"; };
		8D11996829A665A800931CD9 /* MainView.swift */ = {isa = PBXFileReference; lastKnownFileType = sourcecode.swift; path = MainView.swift; sourceTree = "<group>"; };
		8D11996D29A67D0A00931CD9 /* RequestLocationView.swift */ = {isa = PBXFileReference; lastKnownFileType = sourcecode.swift; path = RequestLocationView.swift; sourceTree = "<group>"; };
		8D11996F29A67ECA00931CD9 /* ErrorView.swift */ = {isa = PBXFileReference; lastKnownFileType = sourcecode.swift; path = ErrorView.swift; sourceTree = "<group>"; };
		8D11997B29A7879400931CD9 /* WeatherAppUnitTests.xctest */ = {isa = PBXFileReference; explicitFileType = wrapper.cfbundle; includeInIndex = 0; path = WeatherAppUnitTests.xctest; sourceTree = BUILT_PRODUCTS_DIR; };
		8D11997D29A7879400931CD9 /* WeatherAppUnitTests.swift */ = {isa = PBXFileReference; lastKnownFileType = sourcecode.swift; path = WeatherAppUnitTests.swift; sourceTree = "<group>"; };
		8D11998629A7F7AE00931CD9 /* LocationsView.swift */ = {isa = PBXFileReference; lastKnownFileType = sourcecode.swift; path = LocationsView.swift; sourceTree = "<group>"; };
		8D11998829A7F7D400931CD9 /* SettingsView.swift */ = {isa = PBXFileReference; lastKnownFileType = sourcecode.swift; path = SettingsView.swift; sourceTree = "<group>"; };
		8D11998B29A809AC00931CD9 /* LocationsRowView.swift */ = {isa = PBXFileReference; lastKnownFileType = sourcecode.swift; path = LocationsRowView.swift; sourceTree = "<group>"; };
		8D11999229A828E300931CD9 /* SearchLocation.swift */ = {isa = PBXFileReference; lastKnownFileType = sourcecode.swift; path = SearchLocation.swift; sourceTree = "<group>"; };
		8D11999529A82F7B00931CD9 /* LocationsViewModel.swift */ = {isa = PBXFileReference; lastKnownFileType = sourcecode.swift; path = LocationsViewModel.swift; sourceTree = "<group>"; };
		8D11999929A9034000931CD9 /* LocationWeatherView.swift */ = {isa = PBXFileReference; lastKnownFileType = sourcecode.swift; path = LocationWeatherView.swift; sourceTree = "<group>"; };
		8D11999B29A904ED00931CD9 /* WeatherInfo.swift */ = {isa = PBXFileReference; lastKnownFileType = sourcecode.swift; path = WeatherInfo.swift; sourceTree = "<group>"; };
		8D4716FE29A4210100079790 /* WeatherApp.app */ = {isa = PBXFileReference; explicitFileType = wrapper.application; includeInIndex = 0; path = WeatherApp.app; sourceTree = BUILT_PRODUCTS_DIR; };
		8D47170129A4210100079790 /* WeatherAppApp.swift */ = {isa = PBXFileReference; lastKnownFileType = sourcecode.swift; path = WeatherAppApp.swift; sourceTree = "<group>"; };
		8D47170329A4210100079790 /* HomeView.swift */ = {isa = PBXFileReference; lastKnownFileType = sourcecode.swift; path = HomeView.swift; sourceTree = "<group>"; };
		8D47170529A4210300079790 /* Assets.xcassets */ = {isa = PBXFileReference; lastKnownFileType = folder.assetcatalog; path = Assets.xcassets; sourceTree = "<group>"; };
		8D47170829A4210300079790 /* Preview Assets.xcassets */ = {isa = PBXFileReference; lastKnownFileType = folder.assetcatalog; path = "Preview Assets.xcassets"; sourceTree = "<group>"; };
		8D47171129A425C100079790 /* WeatherDataService.swift */ = {isa = PBXFileReference; lastKnownFileType = sourcecode.swift; path = WeatherDataService.swift; sourceTree = "<group>"; };
		8D47171329A42D4400079790 /* CurrentWeather.swift */ = {isa = PBXFileReference; lastKnownFileType = sourcecode.swift; path = CurrentWeather.swift; sourceTree = "<group>"; };
		8D47171729A50E6B00079790 /* HomeViewModel.swift */ = {isa = PBXFileReference; lastKnownFileType = sourcecode.swift; path = HomeViewModel.swift; sourceTree = "<group>"; };
		8D47171D29A51D5E00079790 /* Location.swift */ = {isa = PBXFileReference; lastKnownFileType = sourcecode.swift; path = Location.swift; sourceTree = "<group>"; };
		8D47171F29A51F1000079790 /* HourlyForecast.swift */ = {isa = PBXFileReference; lastKnownFileType = sourcecode.swift; path = HourlyForecast.swift; sourceTree = "<group>"; };
		8D47172329A557DC00079790 /* Double+.swift */ = {isa = PBXFileReference; lastKnownFileType = sourcecode.swift; path = "Double+.swift"; sourceTree = "<group>"; };
		8D47172529A5598200079790 /* Color+.swift */ = {isa = PBXFileReference; lastKnownFileType = sourcecode.swift; path = "Color+.swift"; sourceTree = "<group>"; };
		8D47172729A55BDA00079790 /* HourlyForecastColumn.swift */ = {isa = PBXFileReference; lastKnownFileType = sourcecode.swift; path = HourlyForecastColumn.swift; sourceTree = "<group>"; };
		8D47172929A561FB00079790 /* Date+.swift */ = {isa = PBXFileReference; lastKnownFileType = sourcecode.swift; path = "Date+.swift"; sourceTree = "<group>"; };
		8D47172B29A59F3E00079790 /* WeatherIcon.swift */ = {isa = PBXFileReference; lastKnownFileType = sourcecode.swift; path = WeatherIcon.swift; sourceTree = "<group>"; };
		8D47172F29A5A4F800079790 /* HourlyForecastRow.swift */ = {isa = PBXFileReference; lastKnownFileType = sourcecode.swift; path = HourlyForecastRow.swift; sourceTree = "<group>"; };
		8DCD1DD929AD76D900962ED5 /* SavedLocationsRow.swift */ = {isa = PBXFileReference; lastKnownFileType = sourcecode.swift; path = SavedLocationsRow.swift; sourceTree = "<group>"; };
		8DCD1DDB29AE19B900962ED5 /* SavedLocationDetail.swift */ = {isa = PBXFileReference; lastKnownFileType = sourcecode.swift; path = SavedLocationDetail.swift; sourceTree = "<group>"; };
		8DCD1DDD29AE1AF100962ED5 /* CoreDataManager.swift */ = {isa = PBXFileReference; lastKnownFileType = sourcecode.swift; path = CoreDataManager.swift; sourceTree = "<group>"; };
		8DCD1DE329AE2F6700962ED5 /* Locations.xcdatamodel */ = {isa = PBXFileReference; lastKnownFileType = wrapper.xcdatamodel; path = Locations.xcdatamodel; sourceTree = "<group>"; };
/* End PBXFileReference section */

/* Begin PBXFrameworksBuildPhase section */
		8D11997829A7879400931CD9 /* Frameworks */ = {
			isa = PBXFrameworksBuildPhase;
			buildActionMask = 2147483647;
			files = (
			);
			runOnlyForDeploymentPostprocessing = 0;
		};
		8D4716FB29A4210100079790 /* Frameworks */ = {
			isa = PBXFrameworksBuildPhase;
			buildActionMask = 2147483647;
			files = (
			);
			runOnlyForDeploymentPostprocessing = 0;
		};
/* End PBXFrameworksBuildPhase section */

/* Begin PBXGroup section */
		8D11996429A6524E00931CD9 /* Utilities */ = {
			isa = PBXGroup;
			children = (
				8D11996529A6528500931CD9 /* LocationDataManager.swift */,
				8DCD1DDD29AE1AF100962ED5 /* CoreDataManager.swift */,
			);
			path = Utilities;
			sourceTree = "<group>";
		};
		8D11996C29A67CF900931CD9 /* Components */ = {
			isa = PBXGroup;
			children = (
				8D11996D29A67D0A00931CD9 /* RequestLocationView.swift */,
				8D11996F29A67ECA00931CD9 /* ErrorView.swift */,
			);
			path = Components;
			sourceTree = "<group>";
		};
		8D11997129A68D5400931CD9 /* Location */ = {
			isa = PBXGroup;
			children = (
				8D11998A29A8099900931CD9 /* Components */,
				8D11999529A82F7B00931CD9 /* LocationsViewModel.swift */,
				8D11998629A7F7AE00931CD9 /* LocationsView.swift */,
				8D11999929A9034000931CD9 /* LocationWeatherView.swift */,
				8DCD1DDB29AE19B900962ED5 /* SavedLocationDetail.swift */,
			);
			path = Location;
			sourceTree = "<group>";
		};
		8D11997229A68D5700931CD9 /* Settings */ = {
			isa = PBXGroup;
			children = (
				8D11998829A7F7D400931CD9 /* SettingsView.swift */,
			);
			path = Settings;
			sourceTree = "<group>";
		};
		8D11997C29A7879400931CD9 /* WeatherAppUnitTests */ = {
			isa = PBXGroup;
			children = (
				8D11997D29A7879400931CD9 /* WeatherAppUnitTests.swift */,
			);
			path = WeatherAppUnitTests;
			sourceTree = "<group>";
		};
		8D11998A29A8099900931CD9 /* Components */ = {
			isa = PBXGroup;
			children = (
				8DCD1DD929AD76D900962ED5 /* SavedLocationsRow.swift */,
				8D11998B29A809AC00931CD9 /* LocationsRowView.swift */,
			);
			path = Components;
			sourceTree = "<group>";
		};
		8D4716F529A4210100079790 = {
			isa = PBXGroup;
			children = (
				8D47170029A4210100079790 /* WeatherApp */,
				8D11997C29A7879400931CD9 /* WeatherAppUnitTests */,
				8D4716FF29A4210100079790 /* Products */,
			);
			sourceTree = "<group>";
		};
		8D4716FF29A4210100079790 /* Products */ = {
			isa = PBXGroup;
			children = (
				8D4716FE29A4210100079790 /* WeatherApp.app */,
				8D11997B29A7879400931CD9 /* WeatherAppUnitTests.xctest */,
			);
			name = Products;
			sourceTree = "<group>";
		};
		8D47170029A4210100079790 /* WeatherApp */ = {
			isa = PBXGroup;
			children = (
				8D11996729A654D500931CD9 /* Info.plist */,
				8D47170129A4210100079790 /* WeatherAppApp.swift */,
				8D11996829A665A800931CD9 /* MainView.swift */,
				8D11996429A6524E00931CD9 /* Utilities */,
				8D47172229A557AB00079790 /* Extensions */,
				8D47171029A4247400079790 /* Model */,
				8D47170F29A4246D00079790 /* APIClient */,
				8D47171529A50E1700079790 /* Core */,
				8D47170529A4210300079790 /* Assets.xcassets */,
				8D47170729A4210300079790 /* Preview Content */,
			);
			path = WeatherApp;
			sourceTree = "<group>";
		};
		8D47170729A4210300079790 /* Preview Content */ = {
			isa = PBXGroup;
			children = (
				8D47170829A4210300079790 /* Preview Assets.xcassets */,
			);
			path = "Preview Content";
			sourceTree = "<group>";
		};
		8D47170F29A4246D00079790 /* APIClient */ = {
			isa = PBXGroup;
			children = (
				8D47171129A425C100079790 /* WeatherDataService.swift */,
			);
			path = APIClient;
			sourceTree = "<group>";
		};
		8D47171029A4247400079790 /* Model */ = {
			isa = PBXGroup;
			children = (
				8D47171D29A51D5E00079790 /* Location.swift */,
				8D11999229A828E300931CD9 /* SearchLocation.swift */,
				8D47171329A42D4400079790 /* CurrentWeather.swift */,
				8D47171F29A51F1000079790 /* HourlyForecast.swift */,
				8D47172B29A59F3E00079790 /* WeatherIcon.swift */,
				8DCD1DE229AE2F6700962ED5 /* Locations.xcdatamodeld */,
			);
			path = Model;
			sourceTree = "<group>";
		};
		8D47171529A50E1700079790 /* Core */ = {
			isa = PBXGroup;
			children = (
				8D11996C29A67CF900931CD9 /* Components */,
				8D47171629A50E5C00079790 /* Home */,
				8D11997129A68D5400931CD9 /* Location */,
				8D11997229A68D5700931CD9 /* Settings */,
			);
			path = Core;
			sourceTree = "<group>";
		};
		8D47171629A50E5C00079790 /* Home */ = {
			isa = PBXGroup;
			children = (
				8D47172129A555F200079790 /* Components */,
				8D47171729A50E6B00079790 /* HomeViewModel.swift */,
				8D47170329A4210100079790 /* HomeView.swift */,
			);
			path = Home;
			sourceTree = "<group>";
		};
		8D47172129A555F200079790 /* Components */ = {
			isa = PBXGroup;
			children = (
				8D47172729A55BDA00079790 /* HourlyForecastColumn.swift */,
				8D47172F29A5A4F800079790 /* HourlyForecastRow.swift */,
				8D11999B29A904ED00931CD9 /* WeatherInfo.swift */,
			);
			path = Components;
			sourceTree = "<group>";
		};
		8D47172229A557AB00079790 /* Extensions */ = {
			isa = PBXGroup;
			children = (
				8D47172329A557DC00079790 /* Double+.swift */,
				8D47172529A5598200079790 /* Color+.swift */,
				8D47172929A561FB00079790 /* Date+.swift */,
			);
			path = Extensions;
			sourceTree = "<group>";
		};
/* End PBXGroup section */

/* Begin PBXNativeTarget section */
		8D11997A29A7879400931CD9 /* WeatherAppUnitTests */ = {
			isa = PBXNativeTarget;
			buildConfigurationList = 8D11998329A7879400931CD9 /* Build configuration list for PBXNativeTarget "WeatherAppUnitTests" */;
			buildPhases = (
				8D11997729A7879400931CD9 /* Sources */,
				8D11997829A7879400931CD9 /* Frameworks */,
				8D11997929A7879400931CD9 /* Resources */,
			);
			buildRules = (
			);
			dependencies = (
				8D11998029A7879400931CD9 /* PBXTargetDependency */,
			);
			name = WeatherAppUnitTests;
			productName = WeatherAppUnitTests;
			productReference = 8D11997B29A7879400931CD9 /* WeatherAppUnitTests.xctest */;
			productType = "com.apple.product-type.bundle.unit-test";
		};
		8D4716FD29A4210100079790 /* WeatherApp */ = {
			isa = PBXNativeTarget;
			buildConfigurationList = 8D47170C29A4210300079790 /* Build configuration list for PBXNativeTarget "WeatherApp" */;
			buildPhases = (
				8D4716FA29A4210100079790 /* Sources */,
				8D4716FB29A4210100079790 /* Frameworks */,
				8D4716FC29A4210100079790 /* Resources */,
			);
			buildRules = (
			);
			dependencies = (
			);
			name = WeatherApp;
			productName = WeatherApp;
			productReference = 8D4716FE29A4210100079790 /* WeatherApp.app */;
			productType = "com.apple.product-type.application";
		};
/* End PBXNativeTarget section */

/* Begin PBXProject section */
		8D4716F629A4210100079790 /* Project object */ = {
			isa = PBXProject;
			attributes = {
				BuildIndependentTargetsInParallel = 1;
				LastSwiftUpdateCheck = 1420;
				LastUpgradeCheck = 1420;
				TargetAttributes = {
					8D11997A29A7879400931CD9 = {
						CreatedOnToolsVersion = 14.2;
						TestTargetID = 8D4716FD29A4210100079790;
					};
					8D4716FD29A4210100079790 = {
						CreatedOnToolsVersion = 14.2;
					};
				};
			};
			buildConfigurationList = 8D4716F929A4210100079790 /* Build configuration list for PBXProject "WeatherApp" */;
			compatibilityVersion = "Xcode 14.0";
			developmentRegion = en;
			hasScannedForEncodings = 0;
			knownRegions = (
				en,
				Base,
			);
			mainGroup = 8D4716F529A4210100079790;
			productRefGroup = 8D4716FF29A4210100079790 /* Products */;
			projectDirPath = "";
			projectRoot = "";
			targets = (
				8D4716FD29A4210100079790 /* WeatherApp */,
				8D11997A29A7879400931CD9 /* WeatherAppUnitTests */,
			);
		};
/* End PBXProject section */

/* Begin PBXResourcesBuildPhase section */
		8D11997929A7879400931CD9 /* Resources */ = {
			isa = PBXResourcesBuildPhase;
			buildActionMask = 2147483647;
			files = (
			);
			runOnlyForDeploymentPostprocessing = 0;
		};
		8D4716FC29A4210100079790 /* Resources */ = {
			isa = PBXResourcesBuildPhase;
			buildActionMask = 2147483647;
			files = (
				8D47170929A4210300079790 /* Preview Assets.xcassets in Resources */,
				8D47170629A4210300079790 /* Assets.xcassets in Resources */,
			);
			runOnlyForDeploymentPostprocessing = 0;
		};
/* End PBXResourcesBuildPhase section */

/* Begin PBXSourcesBuildPhase section */
		8D11997729A7879400931CD9 /* Sources */ = {
			isa = PBXSourcesBuildPhase;
			buildActionMask = 2147483647;
			files = (
				8D11997E29A7879400931CD9 /* WeatherAppUnitTests.swift in Sources */,
			);
			runOnlyForDeploymentPostprocessing = 0;
		};
		8D4716FA29A4210100079790 /* Sources */ = {
			isa = PBXSourcesBuildPhase;
			buildActionMask = 2147483647;
			files = (
				8D47173029A5A4F800079790 /* HourlyForecastRow.swift in Sources */,
				8DCD1DDC29AE19B900962ED5 /* SavedLocationDetail.swift in Sources */,
				8D47172829A55BDA00079790 /* HourlyForecastColumn.swift in Sources */,
				8D11996929A665A800931CD9 /* MainView.swift in Sources */,
				8D11996629A6528500931CD9 /* LocationDataManager.swift in Sources */,
				8D47170429A4210100079790 /* HomeView.swift in Sources */,
				8DCD1DDE29AE1AF100962ED5 /* CoreDataManager.swift in Sources */,
				8D11999629A82F7B00931CD9 /* LocationsViewModel.swift in Sources */,
				8D11998929A7F7D400931CD9 /* SettingsView.swift in Sources */,
				8D11999A29A9034000931CD9 /* LocationWeatherView.swift in Sources */,
				8D11999C29A904ED00931CD9 /* WeatherInfo.swift in Sources */,
				8D47172629A5598200079790 /* Color+.swift in Sources */,
				8D47172A29A561FB00079790 /* Date+.swift in Sources */,
				8D11997029A67ECA00931CD9 /* ErrorView.swift in Sources */,
				8D47172429A557DC00079790 /* Double+.swift in Sources */,
				8D11999329A828E300931CD9 /* SearchLocation.swift in Sources */,
				8D47171229A425C100079790 /* WeatherDataService.swift in Sources */,
				8D47171429A42D4400079790 /* CurrentWeather.swift in Sources */,
				8DCD1DE429AE2F6700962ED5 /* Locations.xcdatamodeld in Sources */,
				8D11998729A7F7AE00931CD9 /* LocationsView.swift in Sources */,
				8D11998C29A809AC00931CD9 /* LocationsRowView.swift in Sources */,
				8D47171829A50E6B00079790 /* HomeViewModel.swift in Sources */,
				8D47170229A4210100079790 /* WeatherAppApp.swift in Sources */,
				8D47171E29A51D5E00079790 /* Location.swift in Sources */,
				8DCD1DDA29AD76D900962ED5 /* SavedLocationsRow.swift in Sources */,
				8D47172029A51F1000079790 /* HourlyForecast.swift in Sources */,
				8D47172C29A59F3E00079790 /* WeatherIcon.swift in Sources */,
				8D11996E29A67D0A00931CD9 /* RequestLocationView.swift in Sources */,
			);
			runOnlyForDeploymentPostprocessing = 0;
		};
/* End PBXSourcesBuildPhase section */

/* Begin PBXTargetDependency section */
		8D11998029A7879400931CD9 /* PBXTargetDependency */ = {
			isa = PBXTargetDependency;
			target = 8D4716FD29A4210100079790 /* WeatherApp */;
			targetProxy = 8D11997F29A7879400931CD9 /* PBXContainerItemProxy */;
		};
/* End PBXTargetDependency section */

/* Begin XCBuildConfiguration section */
		8D11998129A7879400931CD9 /* Debug */ = {
			isa = XCBuildConfiguration;
			buildSettings = {
				BUNDLE_LOADER = "$(TEST_HOST)";
				CODE_SIGN_STYLE = Automatic;
				CURRENT_PROJECT_VERSION = 1;
				GENERATE_INFOPLIST_FILE = YES;
				MARKETING_VERSION = 1.0;
				PRODUCT_BUNDLE_IDENTIFIER = fre.WeatherAppUnitTests;
				PRODUCT_NAME = "$(TARGET_NAME)";
				SWIFT_EMIT_LOC_STRINGS = NO;
				SWIFT_VERSION = 5.0;
				TARGETED_DEVICE_FAMILY = "1,2";
				TEST_HOST = "$(BUILT_PRODUCTS_DIR)/WeatherApp.app/$(BUNDLE_EXECUTABLE_FOLDER_PATH)/WeatherApp";
			};
			name = Debug;
		};
		8D11998229A7879400931CD9 /* Release */ = {
			isa = XCBuildConfiguration;
			buildSettings = {
				BUNDLE_LOADER = "$(TEST_HOST)";
				CODE_SIGN_STYLE = Automatic;
				CURRENT_PROJECT_VERSION = 1;
				GENERATE_INFOPLIST_FILE = YES;
				MARKETING_VERSION = 1.0;
				PRODUCT_BUNDLE_IDENTIFIER = fre.WeatherAppUnitTests;
				PRODUCT_NAME = "$(TARGET_NAME)";
				SWIFT_EMIT_LOC_STRINGS = NO;
				SWIFT_VERSION = 5.0;
				TARGETED_DEVICE_FAMILY = "1,2";
				TEST_HOST = "$(BUILT_PRODUCTS_DIR)/WeatherApp.app/$(BUNDLE_EXECUTABLE_FOLDER_PATH)/WeatherApp";
			};
			name = Release;
		};
		8D47170A29A4210300079790 /* Debug */ = {
			isa = XCBuildConfiguration;
			buildSettings = {
				ALWAYS_SEARCH_USER_PATHS = NO;
				CLANG_ANALYZER_NONNULL = YES;
				CLANG_ANALYZER_NUMBER_OBJECT_CONVERSION = YES_AGGRESSIVE;
				CLANG_CXX_LANGUAGE_STANDARD = "gnu++20";
				CLANG_ENABLE_MODULES = YES;
				CLANG_ENABLE_OBJC_ARC = YES;
				CLANG_ENABLE_OBJC_WEAK = YES;
				CLANG_WARN_BLOCK_CAPTURE_AUTORELEASING = YES;
				CLANG_WARN_BOOL_CONVERSION = YES;
				CLANG_WARN_COMMA = YES;
				CLANG_WARN_CONSTANT_CONVERSION = YES;
				CLANG_WARN_DEPRECATED_OBJC_IMPLEMENTATIONS = YES;
				CLANG_WARN_DIRECT_OBJC_ISA_USAGE = YES_ERROR;
				CLANG_WARN_DOCUMENTATION_COMMENTS = YES;
				CLANG_WARN_EMPTY_BODY = YES;
				CLANG_WARN_ENUM_CONVERSION = YES;
				CLANG_WARN_INFINITE_RECURSION = YES;
				CLANG_WARN_INT_CONVERSION = YES;
				CLANG_WARN_NON_LITERAL_NULL_CONVERSION = YES;
				CLANG_WARN_OBJC_IMPLICIT_RETAIN_SELF = YES;
				CLANG_WARN_OBJC_LITERAL_CONVERSION = YES;
				CLANG_WARN_OBJC_ROOT_CLASS = YES_ERROR;
				CLANG_WARN_QUOTED_INCLUDE_IN_FRAMEWORK_HEADER = YES;
				CLANG_WARN_RANGE_LOOP_ANALYSIS = YES;
				CLANG_WARN_STRICT_PROTOTYPES = YES;
				CLANG_WARN_SUSPICIOUS_MOVE = YES;
				CLANG_WARN_UNGUARDED_AVAILABILITY = YES_AGGRESSIVE;
				CLANG_WARN_UNREACHABLE_CODE = YES;
				CLANG_WARN__DUPLICATE_METHOD_MATCH = YES;
				COPY_PHASE_STRIP = NO;
				DEBUG_INFORMATION_FORMAT = dwarf;
				ENABLE_STRICT_OBJC_MSGSEND = YES;
				ENABLE_TESTABILITY = YES;
				GCC_C_LANGUAGE_STANDARD = gnu11;
				GCC_DYNAMIC_NO_PIC = NO;
				GCC_NO_COMMON_BLOCKS = YES;
				GCC_OPTIMIZATION_LEVEL = 0;
				GCC_PREPROCESSOR_DEFINITIONS = (
					"DEBUG=1",
					"$(inherited)",
				);
				GCC_WARN_64_TO_32_BIT_CONVERSION = YES;
				GCC_WARN_ABOUT_RETURN_TYPE = YES_ERROR;
				GCC_WARN_UNDECLARED_SELECTOR = YES;
				GCC_WARN_UNINITIALIZED_AUTOS = YES_AGGRESSIVE;
				GCC_WARN_UNUSED_FUNCTION = YES;
				GCC_WARN_UNUSED_VARIABLE = YES;
				IPHONEOS_DEPLOYMENT_TARGET = 16.2;
				MTL_ENABLE_DEBUG_INFO = INCLUDE_SOURCE;
				MTL_FAST_MATH = YES;
				ONLY_ACTIVE_ARCH = YES;
				SDKROOT = iphoneos;
				SWIFT_ACTIVE_COMPILATION_CONDITIONS = DEBUG;
				SWIFT_OPTIMIZATION_LEVEL = "-Onone";
			};
			name = Debug;
		};
		8D47170B29A4210300079790 /* Release */ = {
			isa = XCBuildConfiguration;
			buildSettings = {
				ALWAYS_SEARCH_USER_PATHS = NO;
				CLANG_ANALYZER_NONNULL = YES;
				CLANG_ANALYZER_NUMBER_OBJECT_CONVERSION = YES_AGGRESSIVE;
				CLANG_CXX_LANGUAGE_STANDARD = "gnu++20";
				CLANG_ENABLE_MODULES = YES;
				CLANG_ENABLE_OBJC_ARC = YES;
				CLANG_ENABLE_OBJC_WEAK = YES;
				CLANG_WARN_BLOCK_CAPTURE_AUTORELEASING = YES;
				CLANG_WARN_BOOL_CONVERSION = YES;
				CLANG_WARN_COMMA = YES;
				CLANG_WARN_CONSTANT_CONVERSION = YES;
				CLANG_WARN_DEPRECATED_OBJC_IMPLEMENTATIONS = YES;
				CLANG_WARN_DIRECT_OBJC_ISA_USAGE = YES_ERROR;
				CLANG_WARN_DOCUMENTATION_COMMENTS = YES;
				CLANG_WARN_EMPTY_BODY = YES;
				CLANG_WARN_ENUM_CONVERSION = YES;
				CLANG_WARN_INFINITE_RECURSION = YES;
				CLANG_WARN_INT_CONVERSION = YES;
				CLANG_WARN_NON_LITERAL_NULL_CONVERSION = YES;
				CLANG_WARN_OBJC_IMPLICIT_RETAIN_SELF = YES;
				CLANG_WARN_OBJC_LITERAL_CONVERSION = YES;
				CLANG_WARN_OBJC_ROOT_CLASS = YES_ERROR;
				CLANG_WARN_QUOTED_INCLUDE_IN_FRAMEWORK_HEADER = YES;
				CLANG_WARN_RANGE_LOOP_ANALYSIS = YES;
				CLANG_WARN_STRICT_PROTOTYPES = YES;
				CLANG_WARN_SUSPICIOUS_MOVE = YES;
				CLANG_WARN_UNGUARDED_AVAILABILITY = YES_AGGRESSIVE;
				CLANG_WARN_UNREACHABLE_CODE = YES;
				CLANG_WARN__DUPLICATE_METHOD_MATCH = YES;
				COPY_PHASE_STRIP = NO;
				DEBUG_INFORMATION_FORMAT = "dwarf-with-dsym";
				ENABLE_NS_ASSERTIONS = NO;
				ENABLE_STRICT_OBJC_MSGSEND = YES;
				GCC_C_LANGUAGE_STANDARD = gnu11;
				GCC_NO_COMMON_BLOCKS = YES;
				GCC_WARN_64_TO_32_BIT_CONVERSION = YES;
				GCC_WARN_ABOUT_RETURN_TYPE = YES_ERROR;
				GCC_WARN_UNDECLARED_SELECTOR = YES;
				GCC_WARN_UNINITIALIZED_AUTOS = YES_AGGRESSIVE;
				GCC_WARN_UNUSED_FUNCTION = YES;
				GCC_WARN_UNUSED_VARIABLE = YES;
				IPHONEOS_DEPLOYMENT_TARGET = 16.2;
				MTL_ENABLE_DEBUG_INFO = NO;
				MTL_FAST_MATH = YES;
				SDKROOT = iphoneos;
				SWIFT_COMPILATION_MODE = wholemodule;
				SWIFT_OPTIMIZATION_LEVEL = "-O";
				VALIDATE_PRODUCT = YES;
			};
			name = Release;
		};
		8D47170D29A4210300079790 /* Debug */ = {
			isa = XCBuildConfiguration;
			buildSettings = {
				ASSETCATALOG_COMPILER_APPICON_NAME = AppIcon;
				ASSETCATALOG_COMPILER_GLOBAL_ACCENT_COLOR_NAME = AccentColor;
				CODE_SIGN_STYLE = Automatic;
				CURRENT_PROJECT_VERSION = 1;
				DEVELOPMENT_ASSET_PATHS = "\"WeatherApp/Preview Content\"";
				DEVELOPMENT_TEAM = T68CB4R9H5;
				ENABLE_PREVIEWS = YES;
				GENERATE_INFOPLIST_FILE = YES;
				INFOPLIST_FILE = WeatherApp/Info.plist;
				INFOPLIST_KEY_NSLocationWhenInUseUsageDescription = "App needs to access your location data to show the weather";
				INFOPLIST_KEY_UIApplicationSceneManifest_Generation = YES;
				INFOPLIST_KEY_UIApplicationSupportsIndirectInputEvents = YES;
				INFOPLIST_KEY_UILaunchScreen_Generation = YES;
				INFOPLIST_KEY_UISupportedInterfaceOrientations_iPad = "UIInterfaceOrientationPortrait UIInterfaceOrientationPortraitUpsideDown UIInterfaceOrientationLandscapeLeft UIInterfaceOrientationLandscapeRight";
				INFOPLIST_KEY_UISupportedInterfaceOrientations_iPhone = "UIInterfaceOrientationPortrait UIInterfaceOrientationLandscapeLeft UIInterfaceOrientationLandscapeRight";
				LD_RUNPATH_SEARCH_PATHS = (
					"$(inherited)",
					"@executable_path/Frameworks",
				);
				MARKETING_VERSION = 1.0;
				PRODUCT_BUNDLE_IDENTIFIER = fre.WeatherApp;
				PRODUCT_NAME = "$(TARGET_NAME)";
				SWIFT_EMIT_LOC_STRINGS = YES;
				SWIFT_VERSION = 5.0;
				TARGETED_DEVICE_FAMILY = "1,2";
			};
			name = Debug;
		};
		8D47170E29A4210300079790 /* Release */ = {
			isa = XCBuildConfiguration;
			buildSettings = {
				ASSETCATALOG_COMPILER_APPICON_NAME = AppIcon;
				ASSETCATALOG_COMPILER_GLOBAL_ACCENT_COLOR_NAME = AccentColor;
				CODE_SIGN_STYLE = Automatic;
				CURRENT_PROJECT_VERSION = 1;
				DEVELOPMENT_ASSET_PATHS = "\"WeatherApp/Preview Content\"";
				DEVELOPMENT_TEAM = T68CB4R9H5;
				ENABLE_PREVIEWS = YES;
				GENERATE_INFOPLIST_FILE = YES;
				INFOPLIST_FILE = WeatherApp/Info.plist;
				INFOPLIST_KEY_NSLocationWhenInUseUsageDescription = "App needs to access your location data to show the weather";
				INFOPLIST_KEY_UIApplicationSceneManifest_Generation = YES;
				INFOPLIST_KEY_UIApplicationSupportsIndirectInputEvents = YES;
				INFOPLIST_KEY_UILaunchScreen_Generation = YES;
				INFOPLIST_KEY_UISupportedInterfaceOrientations_iPad = "UIInterfaceOrientationPortrait UIInterfaceOrientationPortraitUpsideDown UIInterfaceOrientationLandscapeLeft UIInterfaceOrientationLandscapeRight";
				INFOPLIST_KEY_UISupportedInterfaceOrientations_iPhone = "UIInterfaceOrientationPortrait UIInterfaceOrientationLandscapeLeft UIInterfaceOrientationLandscapeRight";
				LD_RUNPATH_SEARCH_PATHS = (
					"$(inherited)",
					"@executable_path/Frameworks",
				);
				MARKETING_VERSION = 1.0;
				PRODUCT_BUNDLE_IDENTIFIER = fre.WeatherApp;
				PRODUCT_NAME = "$(TARGET_NAME)";
				SWIFT_EMIT_LOC_STRINGS = YES;
				SWIFT_VERSION = 5.0;
				TARGETED_DEVICE_FAMILY = "1,2";
			};
			name = Release;
		};
/* End XCBuildConfiguration section */

/* Begin XCConfigurationList section */
		8D11998329A7879400931CD9 /* Build configuration list for PBXNativeTarget "WeatherAppUnitTests" */ = {
			isa = XCConfigurationList;
			buildConfigurations = (
				8D11998129A7879400931CD9 /* Debug */,
				8D11998229A7879400931CD9 /* Release */,
			);
			defaultConfigurationIsVisible = 0;
			defaultConfigurationName = Release;
		};
		8D4716F929A4210100079790 /* Build configuration list for PBXProject "WeatherApp" */ = {
			isa = XCConfigurationList;
			buildConfigurations = (
				8D47170A29A4210300079790 /* Debug */,
				8D47170B29A4210300079790 /* Release */,
			);
			defaultConfigurationIsVisible = 0;
			defaultConfigurationName = Release;
		};
		8D47170C29A4210300079790 /* Build configuration list for PBXNativeTarget "WeatherApp" */ = {
			isa = XCConfigurationList;
			buildConfigurations = (
				8D47170D29A4210300079790 /* Debug */,
				8D47170E29A4210300079790 /* Release */,
			);
			defaultConfigurationIsVisible = 0;
			defaultConfigurationName = Release;
		};
/* End XCConfigurationList section */

/* Begin XCVersionGroup section */
		8DCD1DE229AE2F6700962ED5 /* Locations.xcdatamodeld */ = {
			isa = XCVersionGroup;
			children = (
				8DCD1DE329AE2F6700962ED5 /* Locations.xcdatamodel */,
			);
			currentVersion = 8DCD1DE329AE2F6700962ED5 /* Locations.xcdatamodel */;
			path = Locations.xcdatamodeld;
			sourceTree = "<group>";
			versionGroupType = wrapper.xcdatamodel;
		};
/* End XCVersionGroup section */
	};
	rootObject = 8D4716F629A4210100079790 /* Project object */;
}
